
Microsoft Visual Studio Solution File, Format Version 12.00
# Visual Studio Version 17
VisualStudioVersion = 17.5.33627.172
MinimumVisualStudioVersion = 10.0.40219.1
Project("{9A19103F-16F7-4668-BE54-9A1E7A4F7556}") = "WebApi", "WebApi\WebApi.csproj", "{DFA0B79A-49D9-416D-A94B-0E58FAD2F4E6}"
EndProject
Project("{9A19103F-16F7-4668-BE54-9A1E7A4F7556}") = "Entities", "Entities\Entities.csproj", "{7758CEBF-4AA8-4B57-A474-8164CE0530D8}"
EndProject
Project("{FAE04EC0-301F-11D3-BF4B-00C04F79EFBC}") = "Repository", "Repository\Repository.csproj", "{7275408F-2BD1-45D0-B3FC-E9F9A691385F}"
EndProject
Project("{FAE04EC0-301F-11D3-BF4B-00C04F79EFBC}") = "Services", "Services\Services.csproj", "{94DA06AC-6349-42A2-A6DA-73AE72F7CADA}"
EndProject
Global
	GlobalSection(SolutionConfigurationPlatforms) = preSolution
		Debug|Any CPU = Debug|Any CPU
		Release|Any CPU = Release|Any CPU
	EndGlobalSection
	GlobalSection(ProjectConfigurationPlatforms) = postSolution
		{DFA0B79A-49D9-416D-A94B-0E58FAD2F4E6}.Debug|Any CPU.ActiveCfg = Debug|Any CPU
		{DFA0B79A-49D9-416D-A94B-0E58FAD2F4E6}.Debug|Any CPU.Build.0 = Debug|Any CPU
		{DFA0B79A-49D9-416D-A94B-0E58FAD2F4E6}.Release|Any CPU.ActiveCfg = Release|Any CPU
		{DFA0B79A-49D9-416D-A94B-0E58FAD2F4E6}.Release|Any CPU.Build.0 = Release|Any CPU
		{7758CEBF-4AA8-4B57-A474-8164CE0530D8}.Debug|Any CPU.ActiveCfg = Debug|Any CPU
		{7758CEBF-4AA8-4B57-A474-8164CE0530D8}.Debug|Any CPU.Build.0 = Debug|Any CPU
		{7758CEBF-4AA8-4B57-A474-8164CE0530D8}.Release|Any CPU.ActiveCfg = Release|Any CPU
		{7758CEBF-4AA8-4B57-A474-8164CE0530D8}.Release|Any CPU.Build.0 = Release|Any CPU
		{7275408F-2BD1-45D0-B3FC-E9F9A691385F}.Debug|Any CPU.ActiveCfg = Debug|Any CPU
		{7275408F-2BD1-45D0-B3FC-E9F9A691385F}.Debug|Any CPU.Build.0 = Debug|Any CPU
		{7275408F-2BD1-45D0-B3FC-E9F9A691385F}.Release|Any CPU.ActiveCfg = Release|Any CPU
		{7275408F-2BD1-45D0-B3FC-E9F9A691385F}.Release|Any CPU.Build.0 = Release|Any CPU
		{94DA06AC-6349-42A2-A6DA-73AE72F7CADA}.Debug|Any CPU.ActiveCfg = Debug|Any CPU
		{94DA06AC-6349-42A2-A6DA-73AE72F7CADA}.Debug|Any CPU.Build.0 = Debug|Any CPU
		{94DA06AC-6349-42A2-A6DA-73AE72F7CADA}.Release|Any CPU.ActiveCfg = Release|Any CPU
		{94DA06AC-6349-42A2-A6DA-73AE72F7CADA}.Release|Any CPU.Build.0 = Release|Any CPU
	EndGlobalSection
	GlobalSection(SolutionProperties) = preSolution
		HideSolutionNode = FALSE
	EndGlobalSection
	GlobalSection(ExtensibilityGlobals) = postSolution
		SolutionGuid = {0D5A29CA-9317-4902-90F7-019AEC15E644}
	EndGlobalSection
EndGlobal
